
Microsoft Visual Studio Solution File, Format Version 12.00
# Visual Studio Version 17
VisualStudioVersion = 17.3.32825.248
MinimumVisualStudioVersion = 10.0.40219.1
Project("{FAE04EC0-301F-11D3-BF4B-00C04F79EFBC}") = "watermark", "watermask\watermark.csproj", "{9EBC2B5E-AA49-4F20-8217-1A25BE731E15}"
EndProject
Global
	GlobalSection(SolutionConfigurationPlatforms) = preSolution
		Debug|Any CPU = Debug|Any CPU
		Release|Any CPU = Release|Any CPU
	EndGlobalSection
	GlobalSection(ProjectConfigurationPlatforms) = postSolution
		{9EBC2B5E-AA49-4F20-8217-1A25BE731E15}.Debug|Any CPU.ActiveCfg = Debug|Any CPU
		{9EBC2B5E-AA49-4F20-8217-1A25BE731E15}.Debug|Any CPU.Build.0 = Debug|Any CPU
		{9EBC2B5E-AA49-4F20-8217-1A25BE731E15}.Release|Any CPU.ActiveCfg = Release|Any CPU
		{9EBC2B5E-AA49-4F20-8217-1A25BE731E15}.Release|Any CPU.Build.0 = Release|Any CPU
	EndGlobalSection
	GlobalSection(SolutionProperties) = preSolution
		HideSolutionNode = FALSE
	EndGlobalSection
	GlobalSection(ExtensibilityGlobals) = postSolution
		SolutionGuid = {E9658C6D-60EA-4798-B589-054C2FB6A296}
	EndGlobalSection
EndGlobal
