
Microsoft Visual Studio Solution File, Format Version 12.00
# Visual Studio Version 17
VisualStudioVersion = 17.3.32825.248
MinimumVisualStudioVersion = 10.0.40219.1
Project("{9A19103F-16F7-4668-BE54-9A1E7A4F7556}") = "watermark", "watermark.csproj", "{F63DC84F-15B9-478F-A88D-CB443A2348DA}"
EndProject
Global
	GlobalSection(SolutionConfigurationPlatforms) = preSolution
		Debug|Any CPU = Debug|Any CPU
		Release|Any CPU = Release|Any CPU
	EndGlobalSection
	GlobalSection(ProjectConfigurationPlatforms) = postSolution
		{F63DC84F-15B9-478F-A88D-CB443A2348DA}.Debug|Any CPU.ActiveCfg = Debug|Any CPU
		{F63DC84F-15B9-478F-A88D-CB443A2348DA}.Debug|Any CPU.Build.0 = Debug|Any CPU
		{F63DC84F-15B9-478F-A88D-CB443A2348DA}.Release|Any CPU.ActiveCfg = Release|Any CPU
		{F63DC84F-15B9-478F-A88D-CB443A2348DA}.Release|Any CPU.Build.0 = Release|Any CPU
	EndGlobalSection
	GlobalSection(SolutionProperties) = preSolution
		HideSolutionNode = FALSE
	EndGlobalSection
	GlobalSection(ExtensibilityGlobals) = postSolution
		SolutionGuid = {713BAEE8-D850-49FA-BCB0-4FCA6214BB63}
	EndGlobalSection
EndGlobal
